// !$*UTF8*$!
{
	archiveVersion = 1;
	classes = {
	};
	objectVersion = 50;
	objects = {

/* Begin PBXBuildFile section */
		0278B3A024387D7A00F131A9 /* AppDelegate.swift in Sources */ = {isa = PBXBuildFile; fileRef = 0278B39F24387D7A00F131A9 /* AppDelegate.swift */; };
		0278B3A224387D7A00F131A9 /* SceneDelegate.swift in Sources */ = {isa = PBXBuildFile; fileRef = 0278B3A124387D7A00F131A9 /* SceneDelegate.swift */; };
		0278B3A424387D7A00F131A9 /* ViewController.swift in Sources */ = {isa = PBXBuildFile; fileRef = 0278B3A324387D7A00F131A9 /* ViewController.swift */; };
		0278B3A724387D7A00F131A9 /* Main.storyboard in Resources */ = {isa = PBXBuildFile; fileRef = 0278B3A524387D7A00F131A9 /* Main.storyboard */; };
		0278B3A924387D7A00F131A9 /* Assets.xcassets in Resources */ = {isa = PBXBuildFile; fileRef = 0278B3A824387D7A00F131A9 /* Assets.xcassets */; };
		0278B3AC24387D7A00F131A9 /* LaunchScreen.storyboard in Resources */ = {isa = PBXBuildFile; fileRef = 0278B3AA24387D7A00F131A9 /* LaunchScreen.storyboard */; };
		0278B3B724387D7A00F131A9 /* QiitaMobileTests.swift in Sources */ = {isa = PBXBuildFile; fileRef = 0278B3B624387D7A00F131A9 /* QiitaMobileTests.swift */; };
		0278B3C224387D7A00F131A9 /* QiitaMobileUITests.swift in Sources */ = {isa = PBXBuildFile; fileRef = 0278B3C124387D7A00F131A9 /* QiitaMobileUITests.swift */; };
/* End PBXBuildFile section */

/* Begin PBXContainerItemProxy section */
		0278B3B324387D7A00F131A9 /* PBXContainerItemProxy */ = {
			isa = PBXContainerItemProxy;
			containerPortal = 0278B39424387D7900F131A9 /* Project object */;
			proxyType = 1;
			remoteGlobalIDString = 0278B39B24387D7A00F131A9;
			remoteInfo = QiitaMobile;
		};
		0278B3BE24387D7A00F131A9 /* PBXContainerItemProxy */ = {
			isa = PBXContainerItemProxy;
			containerPortal = 0278B39424387D7900F131A9 /* Project object */;
			proxyType = 1;
			remoteGlobalIDString = 0278B39B24387D7A00F131A9;
			remoteInfo = QiitaMobile;
		};
/* End PBXContainerItemProxy section */

/* Begin PBXFileReference section */
		0278B39C24387D7A00F131A9 /* QiitaMobile.app */ = {isa = PBXFileReference; explicitFileType = wrapper.application; includeInIndex = 0; path = QiitaMobile.app; sourceTree = BUILT_PRODUCTS_DIR; };
		0278B39F24387D7A00F131A9 /* AppDelegate.swift */ = {isa = PBXFileReference; lastKnownFileType = sourcecode.swift; path = AppDelegate.swift; sourceTree = "<group>"; };
		0278B3A124387D7A00F131A9 /* SceneDelegate.swift */ = {isa = PBXFileReference; lastKnownFileType = sourcecode.swift; path = SceneDelegate.swift; sourceTree = "<group>"; };
		0278B3A324387D7A00F131A9 /* ViewController.swift */ = {isa = PBXFileReference; lastKnownFileType = sourcecode.swift; path = ViewController.swift; sourceTree = "<group>"; };
		0278B3A624387D7A00F131A9 /* Base */ = {isa = PBXFileReference; lastKnownFileType = file.storyboard; name = Base; path = Base.lproj/Main.storyboard; sourceTree = "<group>"; };
		0278B3A824387D7A00F131A9 /* Assets.xcassets */ = {isa = PBXFileReference; lastKnownFileType = folder.assetcatalog; path = Assets.xcassets; sourceTree = "<group>"; };
		0278B3AB24387D7A00F131A9 /* Base */ = {isa = PBXFileReference; lastKnownFileType = file.storyboard; name = Base; path = Base.lproj/LaunchScreen.storyboard; sourceTree = "<group>"; };
		0278B3AD24387D7A00F131A9 /* Info.plist */ = {isa = PBXFileReference; lastKnownFileType = text.plist.xml; path = Info.plist; sourceTree = "<group>"; };
		0278B3B224387D7A00F131A9 /* QiitaMobileTests.xctest */ = {isa = PBXFileReference; explicitFileType = wrapper.cfbundle; includeInIndex = 0; path = QiitaMobileTests.xctest; sourceTree = BUILT_PRODUCTS_DIR; };
		0278B3B624387D7A00F131A9 /* QiitaMobileTests.swift */ = {isa = PBXFileReference; lastKnownFileType = sourcecode.swift; path = QiitaMobileTests.swift; sourceTree = "<group>"; };
		0278B3B824387D7A00F131A9 /* Info.plist */ = {isa = PBXFileReference; lastKnownFileType = text.plist.xml; path = Info.plist; sourceTree = "<group>"; };
		0278B3BD24387D7A00F131A9 /* QiitaMobileUITests.xctest */ = {isa = PBXFileReference; explicitFileType = wrapper.cfbundle; includeInIndex = 0; path = QiitaMobileUITests.xctest; sourceTree = BUILT_PRODUCTS_DIR; };
		0278B3C124387D7A00F131A9 /* QiitaMobileUITests.swift */ = {isa = PBXFileReference; lastKnownFileType = sourcecode.swift; path = QiitaMobileUITests.swift; sourceTree = "<group>"; };
		0278B3C324387D7A00F131A9 /* Info.plist */ = {isa = PBXFileReference; lastKnownFileType = text.plist.xml; path = Info.plist; sourceTree = "<group>"; };
/* End PBXFileReference section */

/* Begin PBXFrameworksBuildPhase section */
		0278B39924387D7A00F131A9 /* Frameworks */ = {
			isa = PBXFrameworksBuildPhase;
			buildActionMask = 2147483647;
			files = (
			);
			runOnlyForDeploymentPostprocessing = 0;
		};
		0278B3AF24387D7A00F131A9 /* Frameworks */ = {
			isa = PBXFrameworksBuildPhase;
			buildActionMask = 2147483647;
			files = (
			);
			runOnlyForDeploymentPostprocessing = 0;
		};
		0278B3BA24387D7A00F131A9 /* Frameworks */ = {
			isa = PBXFrameworksBuildPhase;
			buildActionMask = 2147483647;
			files = (
			);
			runOnlyForDeploymentPostprocessing = 0;
		};
/* End PBXFrameworksBuildPhase section */

/* Begin PBXGroup section */
		0278B39324387D7900F131A9 = {
			isa = PBXGroup;
			children = (
				0278B39E24387D7A00F131A9 /* QiitaMobile */,
				0278B3B524387D7A00F131A9 /* QiitaMobileTests */,
				0278B3C024387D7A00F131A9 /* QiitaMobileUITests */,
				0278B39D24387D7A00F131A9 /* Products */,
			);
			sourceTree = "<group>";
		};
		0278B39D24387D7A00F131A9 /* Products */ = {
			isa = PBXGroup;
			children = (
				0278B39C24387D7A00F131A9 /* QiitaMobile.app */,
				0278B3B224387D7A00F131A9 /* QiitaMobileTests.xctest */,
				0278B3BD24387D7A00F131A9 /* QiitaMobileUITests.xctest */,
			);
			name = Products;
			sourceTree = "<group>";
		};
		0278B39E24387D7A00F131A9 /* QiitaMobile */ = {
			isa = PBXGroup;
			children = (
				0278B39F24387D7A00F131A9 /* AppDelegate.swift */,
				0278B3A124387D7A00F131A9 /* SceneDelegate.swift */,
				0278B3A324387D7A00F131A9 /* ViewController.swift */,
				0278B3A524387D7A00F131A9 /* Main.storyboard */,
				0278B3A824387D7A00F131A9 /* Assets.xcassets */,
				0278B3AA24387D7A00F131A9 /* LaunchScreen.storyboard */,
				0278B3AD24387D7A00F131A9 /* Info.plist */,
			);
			path = QiitaMobile;
			sourceTree = "<group>";
		};
		0278B3B524387D7A00F131A9 /* QiitaMobileTests */ = {
			isa = PBXGroup;
			children = (
				0278B3B624387D7A00F131A9 /* QiitaMobileTests.swift */,
				0278B3B824387D7A00F131A9 /* Info.plist */,
			);
			path = QiitaMobileTests;
			sourceTree = "<group>";
		};
		0278B3C024387D7A00F131A9 /* QiitaMobileUITests */ = {
			isa = PBXGroup;
			children = (
				0278B3C124387D7A00F131A9 /* QiitaMobileUITests.swift */,
				0278B3C324387D7A00F131A9 /* Info.plist */,
			);
			path = QiitaMobileUITests;
			sourceTree = "<group>";
		};
/* End PBXGroup section */

/* Begin PBXNativeTarget section */
		0278B39B24387D7A00F131A9 /* QiitaMobile */ = {
			isa = PBXNativeTarget;
			buildConfigurationList = 0278B3C624387D7A00F131A9 /* Build configuration list for PBXNativeTarget "QiitaMobile" */;
			buildPhases = (
				0278B39824387D7A00F131A9 /* Sources */,
				0278B39924387D7A00F131A9 /* Frameworks */,
				0278B39A24387D7A00F131A9 /* Resources */,
			);
			buildRules = (
			);
			dependencies = (
			);
			name = QiitaMobile;
			productName = QiitaMobile;
			productReference = 0278B39C24387D7A00F131A9 /* QiitaMobile.app */;
			productType = "com.apple.product-type.application";
		};
		0278B3B124387D7A00F131A9 /* QiitaMobileTests */ = {
			isa = PBXNativeTarget;
			buildConfigurationList = 0278B3C924387D7A00F131A9 /* Build configuration list for PBXNativeTarget "QiitaMobileTests" */;
			buildPhases = (
				0278B3AE24387D7A00F131A9 /* Sources */,
				0278B3AF24387D7A00F131A9 /* Frameworks */,
				0278B3B024387D7A00F131A9 /* Resources */,
			);
			buildRules = (
			);
			dependencies = (
				0278B3B424387D7A00F131A9 /* PBXTargetDependency */,
			);
			name = QiitaMobileTests;
			productName = QiitaMobileTests;
			productReference = 0278B3B224387D7A00F131A9 /* QiitaMobileTests.xctest */;
			productType = "com.apple.product-type.bundle.unit-test";
		};
		0278B3BC24387D7A00F131A9 /* QiitaMobileUITests */ = {
			isa = PBXNativeTarget;
			buildConfigurationList = 0278B3CC24387D7A00F131A9 /* Build configuration list for PBXNativeTarget "QiitaMobileUITests" */;
			buildPhases = (
				0278B3B924387D7A00F131A9 /* Sources */,
				0278B3BA24387D7A00F131A9 /* Frameworks */,
				0278B3BB24387D7A00F131A9 /* Resources */,
			);
			buildRules = (
			);
			dependencies = (
				0278B3BF24387D7A00F131A9 /* PBXTargetDependency */,
			);
			name = QiitaMobileUITests;
			productName = QiitaMobileUITests;
			productReference = 0278B3BD24387D7A00F131A9 /* QiitaMobileUITests.xctest */;
			productType = "com.apple.product-type.bundle.ui-testing";
		};
/* End PBXNativeTarget section */

/* Begin PBXProject section */
		0278B39424387D7900F131A9 /* Project object */ = {
			isa = PBXProject;
			attributes = {
				LastSwiftUpdateCheck = 1110;
				LastUpgradeCheck = 1110;
				ORGANIZATIONNAME = "Tsukada Yoshiki";
				TargetAttributes = {
					0278B39B24387D7A00F131A9 = {
						CreatedOnToolsVersion = 11.1;
					};
					0278B3B124387D7A00F131A9 = {
						CreatedOnToolsVersion = 11.1;
						TestTargetID = 0278B39B24387D7A00F131A9;
					};
					0278B3BC24387D7A00F131A9 = {
						CreatedOnToolsVersion = 11.1;
						TestTargetID = 0278B39B24387D7A00F131A9;
					};
				};
			};
			buildConfigurationList = 0278B39724387D7900F131A9 /* Build configuration list for PBXProject "QiitaMobile" */;
			compatibilityVersion = "Xcode 9.3";
			developmentRegion = en;
			hasScannedForEncodings = 0;
			knownRegions = (
				en,
				Base,
			);
			mainGroup = 0278B39324387D7900F131A9;
			productRefGroup = 0278B39D24387D7A00F131A9 /* Products */;
			projectDirPath = "";
			projectRoot = "";
			targets = (
				0278B39B24387D7A00F131A9 /* QiitaMobile */,
				0278B3B124387D7A00F131A9 /* QiitaMobileTests */,
				0278B3BC24387D7A00F131A9 /* QiitaMobileUITests */,
			);
		};
/* End PBXProject section */

/* Begin PBXResourcesBuildPhase section */
		0278B39A24387D7A00F131A9 /* Resources */ = {
			isa = PBXResourcesBuildPhase;
			buildActionMask = 2147483647;
			files = (
				0278B3AC24387D7A00F131A9 /* LaunchScreen.storyboard in Resources */,
				0278B3A924387D7A00F131A9 /* Assets.xcassets in Resources */,
				0278B3A724387D7A00F131A9 /* Main.storyboard in Resources */,
			);
			runOnlyForDeploymentPostprocessing = 0;
		};
		0278B3B024387D7A00F131A9 /* Resources */ = {
			isa = PBXResourcesBuildPhase;
			buildActionMask = 2147483647;
			files = (
			);
			runOnlyForDeploymentPostprocessing = 0;
		};
		0278B3BB24387D7A00F131A9 /* Resources */ = {
			isa = PBXResourcesBuildPhase;
			buildActionMask = 2147483647;
			files = (
			);
			runOnlyForDeploymentPostprocessing = 0;
		};
/* End PBXResourcesBuildPhase section */

/* Begin PBXSourcesBuildPhase section */
		0278B39824387D7A00F131A9 /* Sources */ = {
			isa = PBXSourcesBuildPhase;
			buildActionMask = 2147483647;
			files = (
				0278B3A424387D7A00F131A9 /* ViewController.swift in Sources */,
				0278B3A024387D7A00F131A9 /* AppDelegate.swift in Sources */,
				0278B3A224387D7A00F131A9 /* SceneDelegate.swift in Sources */,
			);
			runOnlyForDeploymentPostprocessing = 0;
		};
		0278B3AE24387D7A00F131A9 /* Sources */ = {
			isa = PBXSourcesBuildPhase;
			buildActionMask = 2147483647;
			files = (
				0278B3B724387D7A00F131A9 /* QiitaMobileTests.swift in Sources */,
			);
			runOnlyForDeploymentPostprocessing = 0;
		};
		0278B3B924387D7A00F131A9 /* Sources */ = {
			isa = PBXSourcesBuildPhase;
			buildActionMask = 2147483647;
			files = (
				0278B3C224387D7A00F131A9 /* QiitaMobileUITests.swift in Sources */,
			);
			runOnlyForDeploymentPostprocessing = 0;
		};
/* End PBXSourcesBuildPhase section */

/* Begin PBXTargetDependency section */
		0278B3B424387D7A00F131A9 /* PBXTargetDependency */ = {
			isa = PBXTargetDependency;
			target = 0278B39B24387D7A00F131A9 /* QiitaMobile */;
			targetProxy = 0278B3B324387D7A00F131A9 /* PBXContainerItemProxy */;
		};
		0278B3BF24387D7A00F131A9 /* PBXTargetDependency */ = {
			isa = PBXTargetDependency;
			target = 0278B39B24387D7A00F131A9 /* QiitaMobile */;
			targetProxy = 0278B3BE24387D7A00F131A9 /* PBXContainerItemProxy */;
		};
/* End PBXTargetDependency section */

/* Begin PBXVariantGroup section */
		0278B3A524387D7A00F131A9 /* Main.storyboard */ = {
			isa = PBXVariantGroup;
			children = (
				0278B3A624387D7A00F131A9 /* Base */,
			);
			name = Main.storyboard;
			sourceTree = "<group>";
		};
		0278B3AA24387D7A00F131A9 /* LaunchScreen.storyboard */ = {
			isa = PBXVariantGroup;
			children = (
				0278B3AB24387D7A00F131A9 /* Base */,
			);
			name = LaunchScreen.storyboard;
			sourceTree = "<group>";
		};
/* End PBXVariantGroup section */

/* Begin XCBuildConfiguration section */
		0278B3C424387D7A00F131A9 /* Debug */ = {
			isa = XCBuildConfiguration;
			buildSettings = {
				ALWAYS_SEARCH_USER_PATHS = NO;
				CLANG_ANALYZER_NONNULL = YES;
				CLANG_ANALYZER_NUMBER_OBJECT_CONVERSION = YES_AGGRESSIVE;
				CLANG_CXX_LANGUAGE_STANDARD = "gnu++14";
				CLANG_CXX_LIBRARY = "libc++";
				CLANG_ENABLE_MODULES = YES;
				CLANG_ENABLE_OBJC_ARC = YES;
				CLANG_ENABLE_OBJC_WEAK = YES;
				CLANG_WARN_BLOCK_CAPTURE_AUTORELEASING = YES;
				CLANG_WARN_BOOL_CONVERSION = YES;
				CLANG_WARN_COMMA = YES;
				CLANG_WARN_CONSTANT_CONVERSION = YES;
				CLANG_WARN_DEPRECATED_OBJC_IMPLEMENTATIONS = YES;
				CLANG_WARN_DIRECT_OBJC_ISA_USAGE = YES_ERROR;
				CLANG_WARN_DOCUMENTATION_COMMENTS = YES;
				CLANG_WARN_EMPTY_BODY = YES;
				CLANG_WARN_ENUM_CONVERSION = YES;
				CLANG_WARN_INFINITE_RECURSION = YES;
				CLANG_WARN_INT_CONVERSION = YES;
				CLANG_WARN_NON_LITERAL_NULL_CONVERSION = YES;
				CLANG_WARN_OBJC_IMPLICIT_RETAIN_SELF = YES;
				CLANG_WARN_OBJC_LITERAL_CONVERSION = YES;
				CLANG_WARN_OBJC_ROOT_CLASS = YES_ERROR;
				CLANG_WARN_RANGE_LOOP_ANALYSIS = YES;
				CLANG_WARN_STRICT_PROTOTYPES = YES;
				CLANG_WARN_SUSPICIOUS_MOVE = YES;
				CLANG_WARN_UNGUARDED_AVAILABILITY = YES_AGGRESSIVE;
				CLANG_WARN_UNREACHABLE_CODE = YES;
				CLANG_WARN__DUPLICATE_METHOD_MATCH = YES;
				COPY_PHASE_STRIP = NO;
				DEBUG_INFORMATION_FORMAT = dwarf;
				ENABLE_STRICT_OBJC_MSGSEND = YES;
				ENABLE_TESTABILITY = YES;
				GCC_C_LANGUAGE_STANDARD = gnu11;
				GCC_DYNAMIC_NO_PIC = NO;
				GCC_NO_COMMON_BLOCKS = YES;
				GCC_OPTIMIZATION_LEVEL = 0;
				GCC_PREPROCESSOR_DEFINITIONS = (
					"DEBUG=1",
					"$(inherited)",
				);
				GCC_WARN_64_TO_32_BIT_CONVERSION = YES;
				GCC_WARN_ABOUT_RETURN_TYPE = YES_ERROR;
				GCC_WARN_UNDECLARED_SELECTOR = YES;
				GCC_WARN_UNINITIALIZED_AUTOS = YES_AGGRESSIVE;
				GCC_WARN_UNUSED_FUNCTION = YES;
				GCC_WARN_UNUSED_VARIABLE = YES;
				IPHONEOS_DEPLOYMENT_TARGET = 13.1;
				MTL_ENABLE_DEBUG_INFO = INCLUDE_SOURCE;
				MTL_FAST_MATH = YES;
				ONLY_ACTIVE_ARCH = YES;
				SDKROOT = iphoneos;
				SWIFT_ACTIVE_COMPILATION_CONDITIONS = DEBUG;
				SWIFT_OPTIMIZATION_LEVEL = "-Onone";
			};
			name = Debug;
		};
		0278B3C524387D7A00F131A9 /* Release */ = {
			isa = XCBuildConfiguration;
			buildSettings = {
				ALWAYS_SEARCH_USER_PATHS = NO;
				CLANG_ANALYZER_NONNULL = YES;
				CLANG_ANALYZER_NUMBER_OBJECT_CONVERSION = YES_AGGRESSIVE;
				CLANG_CXX_LANGUAGE_STANDARD = "gnu++14";
				CLANG_CXX_LIBRARY = "libc++";
				CLANG_ENABLE_MODULES = YES;
				CLANG_ENABLE_OBJC_ARC = YES;
				CLANG_ENABLE_OBJC_WEAK = YES;
				CLANG_WARN_BLOCK_CAPTURE_AUTORELEASING = YES;
				CLANG_WARN_BOOL_CONVERSION = YES;
				CLANG_WARN_COMMA = YES;
				CLANG_WARN_CONSTANT_CONVERSION = YES;
				CLANG_WARN_DEPRECATED_OBJC_IMPLEMENTATIONS = YES;
				CLANG_WARN_DIRECT_OBJC_ISA_USAGE = YES_ERROR;
				CLANG_WARN_DOCUMENTATION_COMMENTS = YES;
				CLANG_WARN_EMPTY_BODY = YES;
				CLANG_WARN_ENUM_CONVERSION = YES;
				CLANG_WARN_INFINITE_RECURSION = YES;
				CLANG_WARN_INT_CONVERSION = YES;
				CLANG_WARN_NON_LITERAL_NULL_CONVERSION = YES;
				CLANG_WARN_OBJC_IMPLICIT_RETAIN_SELF = YES;
				CLANG_WARN_OBJC_LITERAL_CONVERSION = YES;
				CLANG_WARN_OBJC_ROOT_CLASS = YES_ERROR;
				CLANG_WARN_RANGE_LOOP_ANALYSIS = YES;
				CLANG_WARN_STRICT_PROTOTYPES = YES;
				CLANG_WARN_SUSPICIOUS_MOVE = YES;
				CLANG_WARN_UNGUARDED_AVAILABILITY = YES_AGGRESSIVE;
				CLANG_WARN_UNREACHABLE_CODE = YES;
				CLANG_WARN__DUPLICATE_METHOD_MATCH = YES;
				COPY_PHASE_STRIP = NO;
				DEBUG_INFORMATION_FORMAT = "dwarf-with-dsym";
				ENABLE_NS_ASSERTIONS = NO;
				ENABLE_STRICT_OBJC_MSGSEND = YES;
				GCC_C_LANGUAGE_STANDARD = gnu11;
				GCC_NO_COMMON_BLOCKS = YES;
				GCC_WARN_64_TO_32_BIT_CONVERSION = YES;
				GCC_WARN_ABOUT_RETURN_TYPE = YES_ERROR;
				GCC_WARN_UNDECLARED_SELECTOR = YES;
				GCC_WARN_UNINITIALIZED_AUTOS = YES_AGGRESSIVE;
				GCC_WARN_UNUSED_FUNCTION = YES;
				GCC_WARN_UNUSED_VARIABLE = YES;
				IPHONEOS_DEPLOYMENT_TARGET = 13.1;
				MTL_ENABLE_DEBUG_INFO = NO;
				MTL_FAST_MATH = YES;
				SDKROOT = iphoneos;
				SWIFT_COMPILATION_MODE = wholemodule;
				SWIFT_OPTIMIZATION_LEVEL = "-O";
				VALIDATE_PRODUCT = YES;
			};
			name = Release;
		};
		0278B3C724387D7A00F131A9 /* Debug */ = {
			isa = XCBuildConfiguration;
			buildSettings = {
				ASSETCATALOG_COMPILER_APPICON_NAME = AppIcon;
				CODE_SIGN_STYLE = Automatic;
				INFOPLIST_FILE = QiitaMobile/Info.plist;
				LD_RUNPATH_SEARCH_PATHS = (
					"$(inherited)",
					"@executable_path/Frameworks",
				);
				PRODUCT_BUNDLE_IDENTIFIER = tsukadayyy.QiitaMobile;
				PRODUCT_NAME = "$(TARGET_NAME)";
				SWIFT_VERSION = 5.0;
				TARGETED_DEVICE_FAMILY = "1,2";
			};
			name = Debug;
		};
		0278B3C824387D7A00F131A9 /* Release */ = {
			isa = XCBuildConfiguration;
			buildSettings = {
				ASSETCATALOG_COMPILER_APPICON_NAME = AppIcon;
				CODE_SIGN_STYLE = Automatic;
				INFOPLIST_FILE = QiitaMobile/Info.plist;
				LD_RUNPATH_SEARCH_PATHS = (
					"$(inherited)",
					"@executable_path/Frameworks",
				);
				PRODUCT_BUNDLE_IDENTIFIER = tsukadayyy.QiitaMobile;
				PRODUCT_NAME = "$(TARGET_NAME)";
				SWIFT_VERSION = 5.0;
				TARGETED_DEVICE_FAMILY = "1,2";
			};
			name = Release;
		};
		0278B3CA24387D7A00F131A9 /* Debug */ = {
			isa = XCBuildConfiguration;
			buildSettings = {
				ALWAYS_EMBED_SWIFT_STANDARD_LIBRARIES = YES;
				BUNDLE_LOADER = "$(TEST_HOST)";
				CODE_SIGN_STYLE = Automatic;
				INFOPLIST_FILE = QiitaMobileTests/Info.plist;
				IPHONEOS_DEPLOYMENT_TARGET = 13.1;
				LD_RUNPATH_SEARCH_PATHS = (
					"$(inherited)",
					"@executable_path/Frameworks",
					"@loader_path/Frameworks",
				);
				PRODUCT_BUNDLE_IDENTIFIER = tsukadayyy.QiitaMobileTests;
				PRODUCT_NAME = "$(TARGET_NAME)";
				SWIFT_VERSION = 5.0;
				TARGETED_DEVICE_FAMILY = "1,2";
				TEST_HOST = "$(BUILT_PRODUCTS_DIR)/QiitaMobile.app/QiitaMobile";
			};
			name = Debug;
		};
		0278B3CB24387D7A00F131A9 /* Release */ = {
			isa = XCBuildConfiguration;
			buildSettings = {
				ALWAYS_EMBED_SWIFT_STANDARD_LIBRARIES = YES;
				BUNDLE_LOADER = "$(TEST_HOST)";
				CODE_SIGN_STYLE = Automatic;
				INFOPLIST_FILE = QiitaMobileTests/Info.plist;
				IPHONEOS_DEPLOYMENT_TARGET = 13.1;
				LD_RUNPATH_SEARCH_PATHS = (
					"$(inherited)",
					"@executable_path/Frameworks",
					"@loader_path/Frameworks",
				);
				PRODUCT_BUNDLE_IDENTIFIER = tsukadayyy.QiitaMobileTests;
				PRODUCT_NAME = "$(TARGET_NAME)";
				SWIFT_VERSION = 5.0;
				TARGETED_DEVICE_FAMILY = "1,2";
				TEST_HOST = "$(BUILT_PRODUCTS_DIR)/QiitaMobile.app/QiitaMobile";
			};
			name = Release;
		};
		0278B3CD24387D7A00F131A9 /* Debug */ = {
			isa = XCBuildConfiguration;
			buildSettings = {
				ALWAYS_EMBED_SWIFT_STANDARD_LIBRARIES = YES;
				CODE_SIGN_STYLE = Automatic;
				INFOPLIST_FILE = QiitaMobileUITests/Info.plist;
				LD_RUNPATH_SEARCH_PATHS = (
					"$(inherited)",
					"@executable_path/Frameworks",
					"@loader_path/Frameworks",
				);
				PRODUCT_BUNDLE_IDENTIFIER = tsukadayyy.QiitaMobileUITests;
				PRODUCT_NAME = "$(TARGET_NAME)";
				SWIFT_VERSION = 5.0;
				TARGETED_DEVICE_FAMILY = "1,2";
				TEST_TARGET_NAME = QiitaMobile;
			};
			name = Debug;
		};
		0278B3CE24387D7A00F131A9 /* Release */ = {
			isa = XCBuildConfiguration;
			buildSettings = {
				ALWAYS_EMBED_SWIFT_STANDARD_LIBRARIES = YES;
				CODE_SIGN_STYLE = Automatic;
				INFOPLIST_FILE = QiitaMobileUITests/Info.plist;
				LD_RUNPATH_SEARCH_PATHS = (
					"$(inherited)",
					"@executable_path/Frameworks",
					"@loader_path/Frameworks",
				);
				PRODUCT_BUNDLE_IDENTIFIER = tsukadayyy.QiitaMobileUITests;
				PRODUCT_NAME = "$(TARGET_NAME)";
				SWIFT_VERSION = 5.0;
				TARGETED_DEVICE_FAMILY = "1,2";
				TEST_TARGET_NAME = QiitaMobile;
			};
			name = Release;
		};
/* End XCBuildConfiguration section */

/* Begin XCConfigurationList section */
		0278B39724387D7900F131A9 /* Build configuration list for PBXProject "QiitaMobile" */ = {
			isa = XCConfigurationList;
			buildConfigurations = (
				0278B3C424387D7A00F131A9 /* Debug */,
				0278B3C524387D7A00F131A9 /* Release */,
			);
			defaultConfigurationIsVisible = 0;
			defaultConfigurationName = Release;
		};
		0278B3C624387D7A00F131A9 /* Build configuration list for PBXNativeTarget "QiitaMobile" */ = {
			isa = XCConfigurationList;
			buildConfigurations = (
				0278B3C724387D7A00F131A9 /* Debug */,
				0278B3C824387D7A00F131A9 /* Release */,
			);
			defaultConfigurationIsVisible = 0;
			defaultConfigurationName = Release;
		};
		0278B3C924387D7A00F131A9 /* Build configuration list for PBXNativeTarget "QiitaMobileTests" */ = {
			isa = XCConfigurationList;
			buildConfigurations = (
				0278B3CA24387D7A00F131A9 /* Debug */,
				0278B3CB24387D7A00F131A9 /* Release */,
			);
			defaultConfigurationIsVisible = 0;
			defaultConfigurationName = Release;
		};
		0278B3CC24387D7A00F131A9 /* Build configuration list for PBXNativeTarget "QiitaMobileUITests" */ = {
			isa = XCConfigurationList;
			buildConfigurations = (
				0278B3CD24387D7A00F131A9 /* Debug */,
				0278B3CE24387D7A00F131A9 /* Release */,
			);
			defaultConfigurationIsVisible = 0;
			defaultConfigurationName = Release;
		};
/* End XCConfigurationList section */
	};
	rootObject = 0278B39424387D7900F131A9 /* Project object */;
}
